
Microsoft Visual Studio Solution File, Format Version 12.00
# Visual Studio Version 16
VisualStudioVersion = 16.0.30309.148
MinimumVisualStudioVersion = 10.0.40219.1
Project("{FAE04EC0-301F-11D3-BF4B-00C04F79EFBC}") = "Sprint06", "Sprint06.csproj", "{78D36F33-B56B-40C2-8059-132714C564F8}"
EndProject
Global
	GlobalSection(SolutionConfigurationPlatforms) = preSolution
		Debug|Any CPU = Debug|Any CPU
		Release|Any CPU = Release|Any CPU
	EndGlobalSection
	GlobalSection(ProjectConfigurationPlatforms) = postSolution
		{78D36F33-B56B-40C2-8059-132714C564F8}.Debug|Any CPU.ActiveCfg = Debug|Any CPU
		{78D36F33-B56B-40C2-8059-132714C564F8}.Debug|Any CPU.Build.0 = Debug|Any CPU
		{78D36F33-B56B-40C2-8059-132714C564F8}.Release|Any CPU.ActiveCfg = Release|Any CPU
		{78D36F33-B56B-40C2-8059-132714C564F8}.Release|Any CPU.Build.0 = Release|Any CPU
	EndGlobalSection
	GlobalSection(SolutionProperties) = preSolution
		HideSolutionNode = FALSE
	EndGlobalSection
	GlobalSection(ExtensibilityGlobals) = postSolution
		SolutionGuid = {CC8C6DE2-DE9C-47D2-B0E9-FF84A69924CB}
	EndGlobalSection
EndGlobal
