
Microsoft Visual Studio Solution File, Format Version 12.00
# Visual Studio Version 16
VisualStudioVersion = 16.0.30225.117
MinimumVisualStudioVersion = 10.0.40219.1
Project("{FAE04EC0-301F-11D3-BF4B-00C04F79EFBC}") = "Sprint01", "Sprint01.csproj", "{1FA724D1-D6F6-4DF2-B72A-DD1DED9BB4B3}"
EndProject
Global
	GlobalSection(SolutionConfigurationPlatforms) = preSolution
		Debug|Any CPU = Debug|Any CPU
		Release|Any CPU = Release|Any CPU
	EndGlobalSection
	GlobalSection(ProjectConfigurationPlatforms) = postSolution
		{1FA724D1-D6F6-4DF2-B72A-DD1DED9BB4B3}.Debug|Any CPU.ActiveCfg = Debug|Any CPU
		{1FA724D1-D6F6-4DF2-B72A-DD1DED9BB4B3}.Debug|Any CPU.Build.0 = Debug|Any CPU
		{1FA724D1-D6F6-4DF2-B72A-DD1DED9BB4B3}.Release|Any CPU.ActiveCfg = Release|Any CPU
		{1FA724D1-D6F6-4DF2-B72A-DD1DED9BB4B3}.Release|Any CPU.Build.0 = Release|Any CPU
	EndGlobalSection
	GlobalSection(SolutionProperties) = preSolution
		HideSolutionNode = FALSE
	EndGlobalSection
	GlobalSection(ExtensibilityGlobals) = postSolution
		SolutionGuid = {54A33D03-F19D-4999-9102-71D99575F64E}
	EndGlobalSection
EndGlobal
