
Microsoft Visual Studio Solution File, Format Version 12.00
# Visual Studio Version 16
VisualStudioVersion = 16.0.30320.27
MinimumVisualStudioVersion = 10.0.40219.1
Project("{FAE04EC0-301F-11D3-BF4B-00C04F79EFBC}") = "Sprint11", "Sprint11.csproj", "{2B0D07EB-D025-4CEC-A85A-E6A8B04F46AA}"
EndProject
Global
	GlobalSection(SolutionConfigurationPlatforms) = preSolution
		Debug|Any CPU = Debug|Any CPU
		Release|Any CPU = Release|Any CPU
	EndGlobalSection
	GlobalSection(ProjectConfigurationPlatforms) = postSolution
		{2B0D07EB-D025-4CEC-A85A-E6A8B04F46AA}.Debug|Any CPU.ActiveCfg = Debug|Any CPU
		{2B0D07EB-D025-4CEC-A85A-E6A8B04F46AA}.Debug|Any CPU.Build.0 = Debug|Any CPU
		{2B0D07EB-D025-4CEC-A85A-E6A8B04F46AA}.Release|Any CPU.ActiveCfg = Release|Any CPU
		{2B0D07EB-D025-4CEC-A85A-E6A8B04F46AA}.Release|Any CPU.Build.0 = Release|Any CPU
	EndGlobalSection
	GlobalSection(SolutionProperties) = preSolution
		HideSolutionNode = FALSE
	EndGlobalSection
	GlobalSection(ExtensibilityGlobals) = postSolution
		SolutionGuid = {A1E48CEC-E979-4231-8B9D-AC5E00A04CAE}
	EndGlobalSection
EndGlobal
