
Microsoft Visual Studio Solution File, Format Version 12.00
# Visual Studio Version 16
VisualStudioVersion = 16.0.30320.27
MinimumVisualStudioVersion = 10.0.40219.1
Project("{FAE04EC0-301F-11D3-BF4B-00C04F79EFBC}") = "Sprint09", "Sprint09.csproj", "{2C461AD3-AEEE-49C1-8ADA-FF70769053F2}"
EndProject
Global
	GlobalSection(SolutionConfigurationPlatforms) = preSolution
		Debug|Any CPU = Debug|Any CPU
		Release|Any CPU = Release|Any CPU
	EndGlobalSection
	GlobalSection(ProjectConfigurationPlatforms) = postSolution
		{2C461AD3-AEEE-49C1-8ADA-FF70769053F2}.Debug|Any CPU.ActiveCfg = Debug|Any CPU
		{2C461AD3-AEEE-49C1-8ADA-FF70769053F2}.Debug|Any CPU.Build.0 = Debug|Any CPU
		{2C461AD3-AEEE-49C1-8ADA-FF70769053F2}.Release|Any CPU.ActiveCfg = Release|Any CPU
		{2C461AD3-AEEE-49C1-8ADA-FF70769053F2}.Release|Any CPU.Build.0 = Release|Any CPU
	EndGlobalSection
	GlobalSection(SolutionProperties) = preSolution
		HideSolutionNode = FALSE
	EndGlobalSection
	GlobalSection(ExtensibilityGlobals) = postSolution
		SolutionGuid = {7E802903-3A8B-406A-8694-388A2C968391}
	EndGlobalSection
EndGlobal
