
Microsoft Visual Studio Solution File, Format Version 12.00
# Visual Studio Version 16
VisualStudioVersion = 16.0.30225.117
MinimumVisualStudioVersion = 10.0.40219.1
Project("{FAE04EC0-301F-11D3-BF4B-00C04F79EFBC}") = "Sprint03", "Sprint03.csproj", "{4EFB30AB-A965-40C9-9EF6-A08DFCD7D7FC}"
EndProject
Global
	GlobalSection(SolutionConfigurationPlatforms) = preSolution
		Debug|Any CPU = Debug|Any CPU
		Release|Any CPU = Release|Any CPU
	EndGlobalSection
	GlobalSection(ProjectConfigurationPlatforms) = postSolution
		{4EFB30AB-A965-40C9-9EF6-A08DFCD7D7FC}.Debug|Any CPU.ActiveCfg = Debug|Any CPU
		{4EFB30AB-A965-40C9-9EF6-A08DFCD7D7FC}.Debug|Any CPU.Build.0 = Debug|Any CPU
		{4EFB30AB-A965-40C9-9EF6-A08DFCD7D7FC}.Release|Any CPU.ActiveCfg = Release|Any CPU
		{4EFB30AB-A965-40C9-9EF6-A08DFCD7D7FC}.Release|Any CPU.Build.0 = Release|Any CPU
	EndGlobalSection
	GlobalSection(SolutionProperties) = preSolution
		HideSolutionNode = FALSE
	EndGlobalSection
	GlobalSection(ExtensibilityGlobals) = postSolution
		SolutionGuid = {F792EEA3-549F-48C5-BE70-01E496EE57B5}
	EndGlobalSection
EndGlobal
